
Microsoft Visual Studio Solution File, Format Version 12.00
# Visual Studio Version 17
VisualStudioVersion = 17.3.32929.385
MinimumVisualStudioVersion = 10.0.40219.1
Project("{FAE04EC0-301F-11D3-BF4B-00C04F79EFBC}") = "nTabuada", "nTabuada\nTabuada.csproj", "{032ED2BD-8838-4C82-B89C-B7E1C5713A83}"
EndProject
Global
	GlobalSection(SolutionConfigurationPlatforms) = preSolution
		Debug|Any CPU = Debug|Any CPU
		Release|Any CPU = Release|Any CPU
	EndGlobalSection
	GlobalSection(ProjectConfigurationPlatforms) = postSolution
		{032ED2BD-8838-4C82-B89C-B7E1C5713A83}.Debug|Any CPU.ActiveCfg = Debug|Any CPU
		{032ED2BD-8838-4C82-B89C-B7E1C5713A83}.Debug|Any CPU.Build.0 = Debug|Any CPU
		{032ED2BD-8838-4C82-B89C-B7E1C5713A83}.Release|Any CPU.ActiveCfg = Release|Any CPU
		{032ED2BD-8838-4C82-B89C-B7E1C5713A83}.Release|Any CPU.Build.0 = Release|Any CPU
	EndGlobalSection
	GlobalSection(SolutionProperties) = preSolution
		HideSolutionNode = FALSE
	EndGlobalSection
	GlobalSection(ExtensibilityGlobals) = postSolution
		SolutionGuid = {96770750-76D3-4EC3-8E86-01061B268906}
	EndGlobalSection
EndGlobal
